
Microsoft Visual Studio Solution File, Format Version 12.00
# Visual Studio Version 16
VisualStudioVersion = 16.0.31402.337
MinimumVisualStudioVersion = 10.0.40219.1
Project("{888888A0-9F3D-457C-B088-3A5042F75D52}") = "Backup Google Drive", "Backup Google Drive\Backup Google Drive.pyproj", "{B8C41885-8D5A-4D2B-808F-BBD6FCFF7348}"
EndProject
Global
	GlobalSection(SolutionConfigurationPlatforms) = preSolution
		Debug|Any CPU = Debug|Any CPU
		Release|Any CPU = Release|Any CPU
	EndGlobalSection
	GlobalSection(ProjectConfigurationPlatforms) = postSolution
		{B8C41885-8D5A-4D2B-808F-BBD6FCFF7348}.Debug|Any CPU.ActiveCfg = Debug|Any CPU
		{B8C41885-8D5A-4D2B-808F-BBD6FCFF7348}.Release|Any CPU.ActiveCfg = Release|Any CPU
	EndGlobalSection
	GlobalSection(SolutionProperties) = preSolution
		HideSolutionNode = FALSE
	EndGlobalSection
	GlobalSection(ExtensibilityGlobals) = postSolution
		SolutionGuid = {4143F35E-7DAA-4D5F-B1B8-7638451A8089}
	EndGlobalSection
EndGlobal
